// !$*UTF8*$!
{
	archiveVersion = 1;
	classes = {
	};
	objectVersion = 55;
	objects = {

/* Begin PBXBuildFile section */
		C13AAF7528C39C4E00E77238 /* ChatCollectionViewCell.swift in Sources */ = {isa = PBXBuildFile; fileRef = C13AAF7428C39C4E00E77238 /* ChatCollectionViewCell.swift */; };
		C1861A4D28A7FC81005D44AF /* AppDelegate.swift in Sources */ = {isa = PBXBuildFile; fileRef = C1861A4C28A7FC81005D44AF /* AppDelegate.swift */; };
		C1861A4F28A7FC81005D44AF /* SceneDelegate.swift in Sources */ = {isa = PBXBuildFile; fileRef = C1861A4E28A7FC81005D44AF /* SceneDelegate.swift */; };
		C1861A5128A7FC81005D44AF /* MessagesViewController.swift in Sources */ = {isa = PBXBuildFile; fileRef = C1861A5028A7FC81005D44AF /* MessagesViewController.swift */; };
		C1861A5928A7FC86005D44AF /* LaunchScreen.storyboard in Resources */ = {isa = PBXBuildFile; fileRef = C1861A5728A7FC86005D44AF /* LaunchScreen.storyboard */; };
		C1861A6228A8018D005D44AF /* LoginViewController.swift in Sources */ = {isa = PBXBuildFile; fileRef = C1861A6128A8018D005D44AF /* LoginViewController.swift */; };
		C1861A6528A801C9005D44AF /* SnapKit in Frameworks */ = {isa = PBXBuildFile; productRef = C1861A6428A801C9005D44AF /* SnapKit */; };
		C1861A6828A80DF9005D44AF /* Extensions + Subviews.swift in Sources */ = {isa = PBXBuildFile; fileRef = C1861A6728A80DF9005D44AF /* Extensions + Subviews.swift */; };
		C1861A6A28A812B4005D44AF /* Extension + UIColor.swift in Sources */ = {isa = PBXBuildFile; fileRef = C1861A6928A812B4005D44AF /* Extension + UIColor.swift */; };
		C1A7653A28BA6B4C00F1E7AB /* MessagesTableViewCell.swift in Sources */ = {isa = PBXBuildFile; fileRef = C1A7653928BA6B4C00F1E7AB /* MessagesTableViewCell.swift */; };
		C1A8224C28B6726400FF500F /* ChatLogController.swift in Sources */ = {isa = PBXBuildFile; fileRef = C1A8224B28B6726400FF500F /* ChatLogController.swift */; };
		C1A8224E28B68D6000FF500F /* Extension + Separator.swift in Sources */ = {isa = PBXBuildFile; fileRef = C1A8224D28B68D6000FF500F /* Extension + Separator.swift */; };
		C1A92A0D28AFF8A800F8B9A6 /* UsersTableViewCell.swift in Sources */ = {isa = PBXBuildFile; fileRef = C1A92A0C28AFF8A800F8B9A6 /* UsersTableViewCell.swift */; };
		C1A92A0F28B003EC00F8B9A6 /* LoginViewController+Handler.swift in Sources */ = {isa = PBXBuildFile; fileRef = C1A92A0E28B003EC00F8B9A6 /* LoginViewController+Handler.swift */; };
		C1AAF0B728B8F37900210B1D /* Messages.swift in Sources */ = {isa = PBXBuildFile; fileRef = C1AAF0B628B8F37900210B1D /* Messages.swift */; };
		C1AB6B6C28B2B35500E9BA55 /* SDWebImage in Frameworks */ = {isa = PBXBuildFile; productRef = C1AB6B6B28B2B35500E9BA55 /* SDWebImage */; };
		C1AB6B6E28B2B35500E9BA55 /* SDWebImageMapKit in Frameworks */ = {isa = PBXBuildFile; productRef = C1AB6B6D28B2B35500E9BA55 /* SDWebImageMapKit */; };
		C1AB8DDD28AE94050070974B /* NewMessageVewController.swift in Sources */ = {isa = PBXBuildFile; fileRef = C1AB8DDC28AE94040070974B /* NewMessageVewController.swift */; };
		C1AB8DE028AEC7FF0070974B /* Users.swift in Sources */ = {isa = PBXBuildFile; fileRef = C1AB8DDF28AEC7FF0070974B /* Users.swift */; };
		C1ABC41C28A95E250050F967 /* Assets.xcassets in Resources */ = {isa = PBXBuildFile; fileRef = C1ABC41B28A95E250050F967 /* Assets.xcassets */; };
		C1ABE1E528D4AC4500FC5B8B /* GoogleService-Info.plist in Resources */ = {isa = PBXBuildFile; fileRef = C1ABE1E428D4AC4500FC5B8B /* GoogleService-Info.plist */; };
		C1AD34D128AAB3A8001C04B4 /* FirebaseAnalytics in Frameworks */ = {isa = PBXBuildFile; productRef = C1AD34D028AAB3A8001C04B4 /* FirebaseAnalytics */; };
		C1AD34D928AAB3A8001C04B4 /* FirebaseAuth in Frameworks */ = {isa = PBXBuildFile; productRef = C1AD34D828AAB3A8001C04B4 /* FirebaseAuth */; };
		C1AD34E128AAB3A8001C04B4 /* FirebaseFirestore in Frameworks */ = {isa = PBXBuildFile; productRef = C1AD34E028AAB3A8001C04B4 /* FirebaseFirestore */; };
		C1AD34EF28AAB3A8001C04B4 /* FirebaseMessaging in Frameworks */ = {isa = PBXBuildFile; productRef = C1AD34EE28AAB3A8001C04B4 /* FirebaseMessaging */; };
		C1AD34F528AAB3A8001C04B4 /* FirebaseStorage in Frameworks */ = {isa = PBXBuildFile; productRef = C1AD34F428AAB3A8001C04B4 /* FirebaseStorage */; };
		C1AD34F828AAC4F1001C04B4 /* FirebaseDatabase in Frameworks */ = {isa = PBXBuildFile; productRef = C1AD34F728AAC4F1001C04B4 /* FirebaseDatabase */; };
		C1AD34FA28AAC4F1001C04B4 /* FirebaseStorage in Frameworks */ = {isa = PBXBuildFile; productRef = C1AD34F928AAC4F1001C04B4 /* FirebaseStorage */; };
/* End PBXBuildFile section */

/* Begin PBXFileReference section */
		C13AAF7428C39C4E00E77238 /* ChatCollectionViewCell.swift */ = {isa = PBXFileReference; lastKnownFileType = sourcecode.swift; path = ChatCollectionViewCell.swift; sourceTree = "<group>"; };
		C1861A4928A7FC81005D44AF /* MyChat.app */ = {isa = PBXFileReference; explicitFileType = wrapper.application; includeInIndex = 0; path = MyChat.app; sourceTree = BUILT_PRODUCTS_DIR; };
		C1861A4C28A7FC81005D44AF /* AppDelegate.swift */ = {isa = PBXFileReference; lastKnownFileType = sourcecode.swift; path = AppDelegate.swift; sourceTree = "<group>"; };
		C1861A4E28A7FC81005D44AF /* SceneDelegate.swift */ = {isa = PBXFileReference; lastKnownFileType = sourcecode.swift; path = SceneDelegate.swift; sourceTree = "<group>"; };
		C1861A5028A7FC81005D44AF /* MessagesViewController.swift */ = {isa = PBXFileReference; lastKnownFileType = sourcecode.swift; path = MessagesViewController.swift; sourceTree = "<group>"; };
		C1861A5828A7FC86005D44AF /* Base */ = {isa = PBXFileReference; lastKnownFileType = file.storyboard; name = Base; path = Base.lproj/LaunchScreen.storyboard; sourceTree = "<group>"; };
		C1861A5A28A7FC86005D44AF /* Info.plist */ = {isa = PBXFileReference; lastKnownFileType = text.plist.xml; path = Info.plist; sourceTree = "<group>"; };
		C1861A6128A8018D005D44AF /* LoginViewController.swift */ = {isa = PBXFileReference; lastKnownFileType = sourcecode.swift; path = LoginViewController.swift; sourceTree = "<group>"; };
		C1861A6728A80DF9005D44AF /* Extensions + Subviews.swift */ = {isa = PBXFileReference; lastKnownFileType = sourcecode.swift; path = "Extensions + Subviews.swift"; sourceTree = "<group>"; };
		C1861A6928A812B4005D44AF /* Extension + UIColor.swift */ = {isa = PBXFileReference; lastKnownFileType = sourcecode.swift; path = "Extension + UIColor.swift"; sourceTree = "<group>"; };
		C1A7653928BA6B4C00F1E7AB /* MessagesTableViewCell.swift */ = {isa = PBXFileReference; lastKnownFileType = sourcecode.swift; path = MessagesTableViewCell.swift; sourceTree = "<group>"; };
		C1A8224B28B6726400FF500F /* ChatLogController.swift */ = {isa = PBXFileReference; lastKnownFileType = sourcecode.swift; path = ChatLogController.swift; sourceTree = "<group>"; };
		C1A8224D28B68D6000FF500F /* Extension + Separator.swift */ = {isa = PBXFileReference; lastKnownFileType = sourcecode.swift; path = "Extension + Separator.swift"; sourceTree = "<group>"; };
		C1A92A0C28AFF8A800F8B9A6 /* UsersTableViewCell.swift */ = {isa = PBXFileReference; lastKnownFileType = sourcecode.swift; path = UsersTableViewCell.swift; sourceTree = "<group>"; };
		C1A92A0E28B003EC00F8B9A6 /* LoginViewController+Handler.swift */ = {isa = PBXFileReference; lastKnownFileType = sourcecode.swift; path = "LoginViewController+Handler.swift"; sourceTree = "<group>"; };
		C1AAF0B628B8F37900210B1D /* Messages.swift */ = {isa = PBXFileReference; lastKnownFileType = sourcecode.swift; path = Messages.swift; sourceTree = "<group>"; };
		C1AB8DDC28AE94040070974B /* NewMessageVewController.swift */ = {isa = PBXFileReference; lastKnownFileType = sourcecode.swift; path = NewMessageVewController.swift; sourceTree = "<group>"; };
		C1AB8DDF28AEC7FF0070974B /* Users.swift */ = {isa = PBXFileReference; lastKnownFileType = sourcecode.swift; path = Users.swift; sourceTree = "<group>"; };
		C1ABC41B28A95E250050F967 /* Assets.xcassets */ = {isa = PBXFileReference; lastKnownFileType = folder.assetcatalog; path = Assets.xcassets; sourceTree = "<group>"; };
		C1ABE1E428D4AC4500FC5B8B /* GoogleService-Info.plist */ = {isa = PBXFileReference; fileEncoding = 4; lastKnownFileType = text.plist.xml; path = "GoogleService-Info.plist"; sourceTree = "<group>"; };
/* End PBXFileReference section */

/* Begin PBXFrameworksBuildPhase section */
		C1861A4628A7FC81005D44AF /* Frameworks */ = {
			isa = PBXFrameworksBuildPhase;
			buildActionMask = 2147483647;
			files = (
				C1AD34EF28AAB3A8001C04B4 /* FirebaseMessaging in Frameworks */,
				C1861A6528A801C9005D44AF /* SnapKit in Frameworks */,
				C1AD34F528AAB3A8001C04B4 /* FirebaseStorage in Frameworks */,
				C1AD34D928AAB3A8001C04B4 /* FirebaseAuth in Frameworks */,
				C1AD34D128AAB3A8001C04B4 /* FirebaseAnalytics in Frameworks */,
				C1AD34FA28AAC4F1001C04B4 /* FirebaseStorage in Frameworks */,
				C1AB6B6E28B2B35500E9BA55 /* SDWebImageMapKit in Frameworks */,
				C1AB6B6C28B2B35500E9BA55 /* SDWebImage in Frameworks */,
				C1AD34F828AAC4F1001C04B4 /* FirebaseDatabase in Frameworks */,
				C1AD34E128AAB3A8001C04B4 /* FirebaseFirestore in Frameworks */,
			);
			runOnlyForDeploymentPostprocessing = 0;
		};
/* End PBXFrameworksBuildPhase section */

/* Begin PBXGroup section */
		C13AAF7328C39C1800E77238 /* ChatLogController */ = {
			isa = PBXGroup;
			children = (
				C1A8224B28B6726400FF500F /* ChatLogController.swift */,
				C13AAF7428C39C4E00E77238 /* ChatCollectionViewCell.swift */,
			);
			path = ChatLogController;
			sourceTree = "<group>";
		};
		C1861A4028A7FC81005D44AF = {
			isa = PBXGroup;
			children = (
				C1861A4B28A7FC81005D44AF /* MyChat */,
				C1861A4A28A7FC81005D44AF /* Products */,
			);
			sourceTree = "<group>";
		};
		C1861A4A28A7FC81005D44AF /* Products */ = {
			isa = PBXGroup;
			children = (
				C1861A4928A7FC81005D44AF /* MyChat.app */,
			);
			name = Products;
			sourceTree = "<group>";
		};
		C1861A4B28A7FC81005D44AF /* MyChat */ = {
			isa = PBXGroup;
			children = (
				C1861A4C28A7FC81005D44AF /* AppDelegate.swift */,
				C1861A4E28A7FC81005D44AF /* SceneDelegate.swift */,
				C1AB8DDE28AEC7D20070974B /* Data */,
				C1861A6028A8015C005D44AF /* Controllers */,
				C1861A6628A80DD5005D44AF /* Extensions */,
				C1861A5728A7FC86005D44AF /* LaunchScreen.storyboard */,
				C1ABC41B28A95E250050F967 /* Assets.xcassets */,
				C1ABE1E428D4AC4500FC5B8B /* GoogleService-Info.plist */,
				C1861A5A28A7FC86005D44AF /* Info.plist */,
			);
			path = MyChat;
			sourceTree = "<group>";
		};
		C1861A6028A8015C005D44AF /* Controllers */ = {
			isa = PBXGroup;
			children = (
				C1A9711928B7EF01004078DA /* LoginVC */,
				C1AAF0B828B8F47100210B1D /* NewMessageVC */,
				C1A7653828BA6B0C00F1E7AB /* MessagesVC */,
				C13AAF7328C39C1800E77238 /* ChatLogController */,
			);
			path = Controllers;
			sourceTree = "<group>";
		};
		C1861A6628A80DD5005D44AF /* Extensions */ = {
			isa = PBXGroup;
			children = (
				C1861A6728A80DF9005D44AF /* Extensions + Subviews.swift */,
				C1861A6928A812B4005D44AF /* Extension + UIColor.swift */,
				C1A8224D28B68D6000FF500F /* Extension + Separator.swift */,
			);
			path = Extensions;
			sourceTree = "<group>";
		};
		C1A7653828BA6B0C00F1E7AB /* MessagesVC */ = {
			isa = PBXGroup;
			children = (
				C1861A5028A7FC81005D44AF /* MessagesViewController.swift */,
				C1A7653928BA6B4C00F1E7AB /* MessagesTableViewCell.swift */,
			);
			path = MessagesVC;
			sourceTree = "<group>";
		};
		C1A9711928B7EF01004078DA /* LoginVC */ = {
			isa = PBXGroup;
			children = (
				C1861A6128A8018D005D44AF /* LoginViewController.swift */,
				C1A92A0E28B003EC00F8B9A6 /* LoginViewController+Handler.swift */,
			);
			path = LoginVC;
			sourceTree = "<group>";
		};
		C1AAF0B828B8F47100210B1D /* NewMessageVC */ = {
			isa = PBXGroup;
			children = (
				C1AB8DDC28AE94040070974B /* NewMessageVewController.swift */,
				C1A92A0C28AFF8A800F8B9A6 /* UsersTableViewCell.swift */,
			);
			path = NewMessageVC;
			sourceTree = "<group>";
		};
		C1AB8DDE28AEC7D20070974B /* Data */ = {
			isa = PBXGroup;
			children = (
				C1AB8DDF28AEC7FF0070974B /* Users.swift */,
				C1AAF0B628B8F37900210B1D /* Messages.swift */,
			);
			path = Data;
			sourceTree = "<group>";
		};
/* End PBXGroup section */

/* Begin PBXNativeTarget section */
		C1861A4828A7FC81005D44AF /* MyChat */ = {
			isa = PBXNativeTarget;
			buildConfigurationList = C1861A5D28A7FC86005D44AF /* Build configuration list for PBXNativeTarget "MyChat" */;
			buildPhases = (
				C1861A4528A7FC81005D44AF /* Sources */,
				C1861A4628A7FC81005D44AF /* Frameworks */,
				C1861A4728A7FC81005D44AF /* Resources */,
			);
			buildRules = (
			);
			dependencies = (
			);
			name = MyChat;
			packageProductDependencies = (
				C1861A6428A801C9005D44AF /* SnapKit */,
				C1AD34D028AAB3A8001C04B4 /* FirebaseAnalytics */,
				C1AD34D828AAB3A8001C04B4 /* FirebaseAuth */,
				C1AD34E028AAB3A8001C04B4 /* FirebaseFirestore */,
				C1AD34EE28AAB3A8001C04B4 /* FirebaseMessaging */,
				C1AD34F428AAB3A8001C04B4 /* FirebaseStorage */,
				C1AD34F728AAC4F1001C04B4 /* FirebaseDatabase */,
				C1AD34F928AAC4F1001C04B4 /* FirebaseStorage */,
				C1AB6B6B28B2B35500E9BA55 /* SDWebImage */,
				C1AB6B6D28B2B35500E9BA55 /* SDWebImageMapKit */,
			);
			productName = MyChat;
			productReference = C1861A4928A7FC81005D44AF /* MyChat.app */;
			productType = "com.apple.product-type.application";
		};
/* End PBXNativeTarget section */

/* Begin PBXProject section */
		C1861A4128A7FC81005D44AF /* Project object */ = {
			isa = PBXProject;
			attributes = {
				BuildIndependentTargetsInParallel = 1;
				LastSwiftUpdateCheck = 1340;
				LastUpgradeCheck = 1340;
				TargetAttributes = {
					C1861A4828A7FC81005D44AF = {
						CreatedOnToolsVersion = 13.4;
					};
				};
			};
			buildConfigurationList = C1861A4428A7FC81005D44AF /* Build configuration list for PBXProject "MyChat" */;
			compatibilityVersion = "Xcode 13.0";
			developmentRegion = en;
			hasScannedForEncodings = 0;
			knownRegions = (
				en,
				Base,
			);
			mainGroup = C1861A4028A7FC81005D44AF;
			packageReferences = (
				C1861A6328A801C9005D44AF /* XCRemoteSwiftPackageReference "SnapKit" */,
				C1ABC41D28A978BF0050F967 /* XCRemoteSwiftPackageReference "firebase-ios-sdk" */,
				C1AD34CF28AAB3A8001C04B4 /* XCRemoteSwiftPackageReference "firebase-ios-sdk" */,
				C1AD34F628AAC4F1001C04B4 /* XCRemoteSwiftPackageReference "firebase-ios-sdk" */,
				C1AB6B6A28B2B35500E9BA55 /* XCRemoteSwiftPackageReference "SDWebImage" */,
			);
			productRefGroup = C1861A4A28A7FC81005D44AF /* Products */;
			projectDirPath = "";
			projectRoot = "";
			targets = (
				C1861A4828A7FC81005D44AF /* MyChat */,
			);
		};
/* End PBXProject section */

/* Begin PBXResourcesBuildPhase section */
		C1861A4728A7FC81005D44AF /* Resources */ = {
			isa = PBXResourcesBuildPhase;
			buildActionMask = 2147483647;
			files = (
				C1ABC41C28A95E250050F967 /* Assets.xcassets in Resources */,
				C1861A5928A7FC86005D44AF /* LaunchScreen.storyboard in Resources */,
				C1ABE1E528D4AC4500FC5B8B /* GoogleService-Info.plist in Resources */,
			);
			runOnlyForDeploymentPostprocessing = 0;
		};
/* End PBXResourcesBuildPhase section */

/* Begin PBXSourcesBuildPhase section */
		C1861A4528A7FC81005D44AF /* Sources */ = {
			isa = PBXSourcesBuildPhase;
			buildActionMask = 2147483647;
			files = (
				C1AB8DE028AEC7FF0070974B /* Users.swift in Sources */,
				C1A7653A28BA6B4C00F1E7AB /* MessagesTableViewCell.swift in Sources */,
				C1A92A0F28B003EC00F8B9A6 /* LoginViewController+Handler.swift in Sources */,
				C1861A6828A80DF9005D44AF /* Extensions + Subviews.swift in Sources */,
				C1AB8DDD28AE94050070974B /* NewMessageVewController.swift in Sources */,
				C1861A6228A8018D005D44AF /* LoginViewController.swift in Sources */,
				C1A8224C28B6726400FF500F /* ChatLogController.swift in Sources */,
				C1861A5128A7FC81005D44AF /* MessagesViewController.swift in Sources */,
				C1861A4D28A7FC81005D44AF /* AppDelegate.swift in Sources */,
				C1861A4F28A7FC81005D44AF /* SceneDelegate.swift in Sources */,
				C1AAF0B728B8F37900210B1D /* Messages.swift in Sources */,
				C1A92A0D28AFF8A800F8B9A6 /* UsersTableViewCell.swift in Sources */,
				C1861A6A28A812B4005D44AF /* Extension + UIColor.swift in Sources */,
				C13AAF7528C39C4E00E77238 /* ChatCollectionViewCell.swift in Sources */,
				C1A8224E28B68D6000FF500F /* Extension + Separator.swift in Sources */,
			);
			runOnlyForDeploymentPostprocessing = 0;
		};
/* End PBXSourcesBuildPhase section */

/* Begin PBXVariantGroup section */
		C1861A5728A7FC86005D44AF /* LaunchScreen.storyboard */ = {
			isa = PBXVariantGroup;
			children = (
				C1861A5828A7FC86005D44AF /* Base */,
			);
			name = LaunchScreen.storyboard;
			sourceTree = "<group>";
		};
/* End PBXVariantGroup section */

/* Begin XCBuildConfiguration section */
		C1861A5B28A7FC86005D44AF /* Debug */ = {
			isa = XCBuildConfiguration;
			buildSettings = {
				ALWAYS_SEARCH_USER_PATHS = NO;
				CLANG_ANALYZER_NONNULL = YES;
				CLANG_ANALYZER_NUMBER_OBJECT_CONVERSION = YES_AGGRESSIVE;
				CLANG_CXX_LANGUAGE_STANDARD = "gnu++17";
				CLANG_ENABLE_MODULES = YES;
				CLANG_ENABLE_OBJC_ARC = YES;
				CLANG_ENABLE_OBJC_WEAK = YES;
				CLANG_WARN_BLOCK_CAPTURE_AUTORELEASING = YES;
				CLANG_WARN_BOOL_CONVERSION = YES;
				CLANG_WARN_COMMA = YES;
				CLANG_WARN_CONSTANT_CONVERSION = YES;
				CLANG_WARN_DEPRECATED_OBJC_IMPLEMENTATIONS = YES;
				CLANG_WARN_DIRECT_OBJC_ISA_USAGE = YES_ERROR;
				CLANG_WARN_DOCUMENTATION_COMMENTS = YES;
				CLANG_WARN_EMPTY_BODY = YES;
				CLANG_WARN_ENUM_CONVERSION = YES;
				CLANG_WARN_INFINITE_RECURSION = YES;
				CLANG_WARN_INT_CONVERSION = YES;
				CLANG_WARN_NON_LITERAL_NULL_CONVERSION = YES;
				CLANG_WARN_OBJC_IMPLICIT_RETAIN_SELF = YES;
				CLANG_WARN_OBJC_LITERAL_CONVERSION = YES;
				CLANG_WARN_OBJC_ROOT_CLASS = YES_ERROR;
				CLANG_WARN_QUOTED_INCLUDE_IN_FRAMEWORK_HEADER = YES;
				CLANG_WARN_RANGE_LOOP_ANALYSIS = YES;
				CLANG_WARN_STRICT_PROTOTYPES = YES;
				CLANG_WARN_SUSPICIOUS_MOVE = YES;
				CLANG_WARN_UNGUARDED_AVAILABILITY = YES_AGGRESSIVE;
				CLANG_WARN_UNREACHABLE_CODE = YES;
				CLANG_WARN__DUPLICATE_METHOD_MATCH = YES;
				COPY_PHASE_STRIP = NO;
				DEBUG_INFORMATION_FORMAT = dwarf;
				ENABLE_STRICT_OBJC_MSGSEND = YES;
				ENABLE_TESTABILITY = YES;
				GCC_C_LANGUAGE_STANDARD = gnu11;
				GCC_DYNAMIC_NO_PIC = NO;
				GCC_NO_COMMON_BLOCKS = YES;
				GCC_OPTIMIZATION_LEVEL = 0;
				GCC_PREPROCESSOR_DEFINITIONS = (
					"DEBUG=1",
					"$(inherited)",
				);
				GCC_WARN_64_TO_32_BIT_CONVERSION = YES;
				GCC_WARN_ABOUT_RETURN_TYPE = YES_ERROR;
				GCC_WARN_UNDECLARED_SELECTOR = YES;
				GCC_WARN_UNINITIALIZED_AUTOS = YES_AGGRESSIVE;
				GCC_WARN_UNUSED_FUNCTION = YES;
				GCC_WARN_UNUSED_VARIABLE = YES;
				IPHONEOS_DEPLOYMENT_TARGET = 15.5;
				MTL_ENABLE_DEBUG_INFO = INCLUDE_SOURCE;
				MTL_FAST_MATH = YES;
				ONLY_ACTIVE_ARCH = YES;
				SDKROOT = iphoneos;
				SWIFT_ACTIVE_COMPILATION_CONDITIONS = DEBUG;
				SWIFT_OPTIMIZATION_LEVEL = "-Onone";
			};
			name = Debug;
		};
		C1861A5C28A7FC86005D44AF /* Release */ = {
			isa = XCBuildConfiguration;
			buildSettings = {
				ALWAYS_SEARCH_USER_PATHS = NO;
				CLANG_ANALYZER_NONNULL = YES;
				CLANG_ANALYZER_NUMBER_OBJECT_CONVERSION = YES_AGGRESSIVE;
				CLANG_CXX_LANGUAGE_STANDARD = "gnu++17";
				CLANG_ENABLE_MODULES = YES;
				CLANG_ENABLE_OBJC_ARC = YES;
				CLANG_ENABLE_OBJC_WEAK = YES;
				CLANG_WARN_BLOCK_CAPTURE_AUTORELEASING = YES;
				CLANG_WARN_BOOL_CONVERSION = YES;
				CLANG_WARN_COMMA = YES;
				CLANG_WARN_CONSTANT_CONVERSION = YES;
				CLANG_WARN_DEPRECATED_OBJC_IMPLEMENTATIONS = YES;
				CLANG_WARN_DIRECT_OBJC_ISA_USAGE = YES_ERROR;
				CLANG_WARN_DOCUMENTATION_COMMENTS = YES;
				CLANG_WARN_EMPTY_BODY = YES;
				CLANG_WARN_ENUM_CONVERSION = YES;
				CLANG_WARN_INFINITE_RECURSION = YES;
				CLANG_WARN_INT_CONVERSION = YES;
				CLANG_WARN_NON_LITERAL_NULL_CONVERSION = YES;
				CLANG_WARN_OBJC_IMPLICIT_RETAIN_SELF = YES;
				CLANG_WARN_OBJC_LITERAL_CONVERSION = YES;
				CLANG_WARN_OBJC_ROOT_CLASS = YES_ERROR;
				CLANG_WARN_QUOTED_INCLUDE_IN_FRAMEWORK_HEADER = YES;
				CLANG_WARN_RANGE_LOOP_ANALYSIS = YES;
				CLANG_WARN_STRICT_PROTOTYPES = YES;
				CLANG_WARN_SUSPICIOUS_MOVE = YES;
				CLANG_WARN_UNGUARDED_AVAILABILITY = YES_AGGRESSIVE;
				CLANG_WARN_UNREACHABLE_CODE = YES;
				CLANG_WARN__DUPLICATE_METHOD_MATCH = YES;
				COPY_PHASE_STRIP = NO;
				DEBUG_INFORMATION_FORMAT = "dwarf-with-dsym";
				ENABLE_NS_ASSERTIONS = NO;
				ENABLE_STRICT_OBJC_MSGSEND = YES;
				GCC_C_LANGUAGE_STANDARD = gnu11;
				GCC_NO_COMMON_BLOCKS = YES;
				GCC_WARN_64_TO_32_BIT_CONVERSION = YES;
				GCC_WARN_ABOUT_RETURN_TYPE = YES_ERROR;
				GCC_WARN_UNDECLARED_SELECTOR = YES;
				GCC_WARN_UNINITIALIZED_AUTOS = YES_AGGRESSIVE;
				GCC_WARN_UNUSED_FUNCTION = YES;
				GCC_WARN_UNUSED_VARIABLE = YES;
				IPHONEOS_DEPLOYMENT_TARGET = 15.5;
				MTL_ENABLE_DEBUG_INFO = NO;
				MTL_FAST_MATH = YES;
				SDKROOT = iphoneos;
				SWIFT_COMPILATION_MODE = wholemodule;
				SWIFT_OPTIMIZATION_LEVEL = "-O";
				VALIDATE_PRODUCT = YES;
			};
			name = Release;
		};
		C1861A5E28A7FC86005D44AF /* Debug */ = {
			isa = XCBuildConfiguration;
			buildSettings = {
				ASSETCATALOG_COMPILER_APPICON_NAME = AppIcon;
				ASSETCATALOG_COMPILER_GLOBAL_ACCENT_COLOR_NAME = AccentColor;
				CODE_SIGN_STYLE = Automatic;
				CURRENT_PROJECT_VERSION = 1;
				DEVELOPMENT_TEAM = UK44N54ZMP;
				GENERATE_INFOPLIST_FILE = YES;
				INFOPLIST_FILE = MyChat/Info.plist;
				INFOPLIST_KEY_UIApplicationSupportsIndirectInputEvents = YES;
				INFOPLIST_KEY_UILaunchStoryboardName = LaunchScreen;
				INFOPLIST_KEY_UISupportedInterfaceOrientations = UIInterfaceOrientationPortrait;
				INFOPLIST_KEY_UISupportedInterfaceOrientations_iPad = "UIInterfaceOrientationPortrait UIInterfaceOrientationPortraitUpsideDown UIInterfaceOrientationLandscapeLeft UIInterfaceOrientationLandscapeRight";
				INFOPLIST_KEY_UISupportedInterfaceOrientations_iPhone = "UIInterfaceOrientationPortrait UIInterfaceOrientationLandscapeLeft UIInterfaceOrientationLandscapeRight";
				IPHONEOS_DEPLOYMENT_TARGET = 14.0;
				LD_RUNPATH_SEARCH_PATHS = (
					"$(inherited)",
					"@executable_path/Frameworks",
				);
				MARKETING_VERSION = 1.0;
				PRODUCT_BUNDLE_IDENTIFIER = zorro.MyChat;
				PRODUCT_NAME = "$(TARGET_NAME)";
				SWIFT_EMIT_LOC_STRINGS = YES;
				SWIFT_VERSION = 5.0;
				TARGETED_DEVICE_FAMILY = "1,2";
			};
			name = Debug;
		};
		C1861A5F28A7FC86005D44AF /* Release */ = {
			isa = XCBuildConfiguration;
			buildSettings = {
				ASSETCATALOG_COMPILER_APPICON_NAME = AppIcon;
				ASSETCATALOG_COMPILER_GLOBAL_ACCENT_COLOR_NAME = AccentColor;
				CODE_SIGN_STYLE = Automatic;
				CURRENT_PROJECT_VERSION = 1;
				DEVELOPMENT_TEAM = UK44N54ZMP;
				GENERATE_INFOPLIST_FILE = YES;
				INFOPLIST_FILE = MyChat/Info.plist;
				INFOPLIST_KEY_UIApplicationSupportsIndirectInputEvents = YES;
				INFOPLIST_KEY_UILaunchStoryboardName = LaunchScreen;
				INFOPLIST_KEY_UISupportedInterfaceOrientations = UIInterfaceOrientationPortrait;
				INFOPLIST_KEY_UISupportedInterfaceOrientations_iPad = "UIInterfaceOrientationPortrait UIInterfaceOrientationPortraitUpsideDown UIInterfaceOrientationLandscapeLeft UIInterfaceOrientationLandscapeRight";
				INFOPLIST_KEY_UISupportedInterfaceOrientations_iPhone = "UIInterfaceOrientationPortrait UIInterfaceOrientationLandscapeLeft UIInterfaceOrientationLandscapeRight";
				IPHONEOS_DEPLOYMENT_TARGET = 14.0;
				LD_RUNPATH_SEARCH_PATHS = (
					"$(inherited)",
					"@executable_path/Frameworks",
				);
				MARKETING_VERSION = 1.0;
				PRODUCT_BUNDLE_IDENTIFIER = zorro.MyChat;
				PRODUCT_NAME = "$(TARGET_NAME)";
				SWIFT_EMIT_LOC_STRINGS = YES;
				SWIFT_VERSION = 5.0;
				TARGETED_DEVICE_FAMILY = "1,2";
			};
			name = Release;
		};
/* End XCBuildConfiguration section */

/* Begin XCConfigurationList section */
		C1861A4428A7FC81005D44AF /* Build configuration list for PBXProject "MyChat" */ = {
			isa = XCConfigurationList;
			buildConfigurations = (
				C1861A5B28A7FC86005D44AF /* Debug */,
				C1861A5C28A7FC86005D44AF /* Release */,
			);
			defaultConfigurationIsVisible = 0;
			defaultConfigurationName = Release;
		};
		C1861A5D28A7FC86005D44AF /* Build configuration list for PBXNativeTarget "MyChat" */ = {
			isa = XCConfigurationList;
			buildConfigurations = (
				C1861A5E28A7FC86005D44AF /* Debug */,
				C1861A5F28A7FC86005D44AF /* Release */,
			);
			defaultConfigurationIsVisible = 0;
			defaultConfigurationName = Release;
		};
/* End XCConfigurationList section */

/* Begin XCRemoteSwiftPackageReference section */
		C1861A6328A801C9005D44AF /* XCRemoteSwiftPackageReference "SnapKit" */ = {
			isa = XCRemoteSwiftPackageReference;
			repositoryURL = "https://github.com/SnapKit/SnapKit.git";
			requirement = {
				branch = develop;
				kind = branch;
			};
		};
		C1AB6B6A28B2B35500E9BA55 /* XCRemoteSwiftPackageReference "SDWebImage" */ = {
			isa = XCRemoteSwiftPackageReference;
			repositoryURL = "https://github.com/SDWebImage/SDWebImage.git";
			requirement = {
				branch = master;
				kind = branch;
			};
		};
		C1ABC41D28A978BF0050F967 /* XCRemoteSwiftPackageReference "firebase-ios-sdk" */ = {
			isa = XCRemoteSwiftPackageReference;
			repositoryURL = "https://github.com/firebase/firebase-ios-sdk.git";
			requirement = {
				kind = upToNextMajorVersion;
				minimumVersion = 9.0.0;
			};
		};
		C1AD34CF28AAB3A8001C04B4 /* XCRemoteSwiftPackageReference "firebase-ios-sdk" */ = {
			isa = XCRemoteSwiftPackageReference;
			repositoryURL = "https://github.com/firebase/firebase-ios-sdk.git";
			requirement = {
				kind = upToNextMajorVersion;
				minimumVersion = 9.0.0;
			};
		};
		C1AD34F628AAC4F1001C04B4 /* XCRemoteSwiftPackageReference "firebase-ios-sdk" */ = {
			isa = XCRemoteSwiftPackageReference;
			repositoryURL = "https://github.com/firebase/firebase-ios-sdk.git";
			requirement = {
				branch = master;
				kind = branch;
			};
		};
/* End XCRemoteSwiftPackageReference section */

/* Begin XCSwiftPackageProductDependency section */
		C1861A6428A801C9005D44AF /* SnapKit */ = {
			isa = XCSwiftPackageProductDependency;
			package = C1861A6328A801C9005D44AF /* XCRemoteSwiftPackageReference "SnapKit" */;
			productName = SnapKit;
		};
		C1AB6B6B28B2B35500E9BA55 /* SDWebImage */ = {
			isa = XCSwiftPackageProductDependency;
			package = C1AB6B6A28B2B35500E9BA55 /* XCRemoteSwiftPackageReference "SDWebImage" */;
			productName = SDWebImage;
		};
		C1AB6B6D28B2B35500E9BA55 /* SDWebImageMapKit */ = {
			isa = XCSwiftPackageProductDependency;
			package = C1AB6B6A28B2B35500E9BA55 /* XCRemoteSwiftPackageReference "SDWebImage" */;
			productName = SDWebImageMapKit;
		};
		C1AD34D028AAB3A8001C04B4 /* FirebaseAnalytics */ = {
			isa = XCSwiftPackageProductDependency;
			package = C1ABC41D28A978BF0050F967 /* XCRemoteSwiftPackageReference "firebase-ios-sdk" */;
			productName = FirebaseAnalytics;
		};
		C1AD34D828AAB3A8001C04B4 /* FirebaseAuth */ = {
			isa = XCSwiftPackageProductDependency;
			package = C1ABC41D28A978BF0050F967 /* XCRemoteSwiftPackageReference "firebase-ios-sdk" */;
			productName = FirebaseAuth;
		};
		C1AD34E028AAB3A8001C04B4 /* FirebaseFirestore */ = {
			isa = XCSwiftPackageProductDependency;
			package = C1ABC41D28A978BF0050F967 /* XCRemoteSwiftPackageReference "firebase-ios-sdk" */;
			productName = FirebaseFirestore;
		};
		C1AD34EE28AAB3A8001C04B4 /* FirebaseMessaging */ = {
			isa = XCSwiftPackageProductDependency;
			package = C1ABC41D28A978BF0050F967 /* XCRemoteSwiftPackageReference "firebase-ios-sdk" */;
			productName = FirebaseMessaging;
		};
		C1AD34F428AAB3A8001C04B4 /* FirebaseStorage */ = {
			isa = XCSwiftPackageProductDependency;
			package = C1ABC41D28A978BF0050F967 /* XCRemoteSwiftPackageReference "firebase-ios-sdk" */;
			productName = FirebaseStorage;
		};
		C1AD34F728AAC4F1001C04B4 /* FirebaseDatabase */ = {
			isa = XCSwiftPackageProductDependency;
			package = C1AD34F628AAC4F1001C04B4 /* XCRemoteSwiftPackageReference "firebase-ios-sdk" */;
			productName = FirebaseDatabase;
		};
		C1AD34F928AAC4F1001C04B4 /* FirebaseStorage */ = {
			isa = XCSwiftPackageProductDependency;
			package = C1AD34F628AAC4F1001C04B4 /* XCRemoteSwiftPackageReference "firebase-ios-sdk" */;
			productName = FirebaseStorage;
		};
/* End XCSwiftPackageProductDependency section */
	};
	rootObject = C1861A4128A7FC81005D44AF /* Project object */;
}
